
Microsoft Visual Studio Solution File, Format Version 12.00
# Visual Studio Version 16
VisualStudioVersion = 16.0.30104.148
MinimumVisualStudioVersion = 10.0.40219.1
Project("{FAE04EC0-301F-11D3-BF4B-00C04F79EFBC}") = "SolucionLPPA", "SolucionLPPA\SolucionLPPA.csproj", "{EB05D0B1-9963-46F5-9984-80631704EFD2}"
EndProject
Project("{FAE04EC0-301F-11D3-BF4B-00C04F79EFBC}") = "Ejercicio_1", "Ejercicio_1\Ejercicio_1.csproj", "{D570AE24-4E9C-4E17-901F-9E6B0ADB0115}"
EndProject
Project("{FAE04EC0-301F-11D3-BF4B-00C04F79EFBC}") = "Ejercicio_2", "Ejercicio_2\Ejercicio_2.csproj", "{59725337-2493-4513-B365-C6BB58901A00}"
EndProject
Project("{FAE04EC0-301F-11D3-BF4B-00C04F79EFBC}") = "Ejercicio_3", "Ejercicio_3\Ejercicio_3.csproj", "{E7E60DDD-6A0C-4AF2-8FEF-F211CC48FB94}"
EndProject
Project("{FAE04EC0-301F-11D3-BF4B-00C04F79EFBC}") = "Ejercicio_4", "Ejercicio_4\Ejercicio_4.csproj", "{2F253556-A1CD-41A8-8D1E-87ED55284AD3}"
EndProject
Project("{FAE04EC0-301F-11D3-BF4B-00C04F79EFBC}") = "Ejercicio_5", "Ejercicio_5\Ejercicio_5.csproj", "{C17166B4-D2D6-4D3C-A24B-6699DB36DFEE}"
EndProject
Project("{FAE04EC0-301F-11D3-BF4B-00C04F79EFBC}") = "Ejercicio_6", "Ejercicio_6\Ejercicio_6.csproj", "{A052E6E8-8F8D-4EC0-A2B8-D2EA404260C8}"
EndProject
Project("{FAE04EC0-301F-11D3-BF4B-00C04F79EFBC}") = "Ejercicio_7", "Ejercicio_7\Ejercicio_7.csproj", "{1C07F60E-C937-4CDA-A24F-356FDC38A00A}"
EndProject
Global
	GlobalSection(SolutionConfigurationPlatforms) = preSolution
		Debug|Any CPU = Debug|Any CPU
		Release|Any CPU = Release|Any CPU
	EndGlobalSection
	GlobalSection(ProjectConfigurationPlatforms) = postSolution
		{EB05D0B1-9963-46F5-9984-80631704EFD2}.Debug|Any CPU.ActiveCfg = Debug|Any CPU
		{EB05D0B1-9963-46F5-9984-80631704EFD2}.Debug|Any CPU.Build.0 = Debug|Any CPU
		{EB05D0B1-9963-46F5-9984-80631704EFD2}.Release|Any CPU.ActiveCfg = Release|Any CPU
		{EB05D0B1-9963-46F5-9984-80631704EFD2}.Release|Any CPU.Build.0 = Release|Any CPU
		{D570AE24-4E9C-4E17-901F-9E6B0ADB0115}.Debug|Any CPU.ActiveCfg = Debug|Any CPU
		{D570AE24-4E9C-4E17-901F-9E6B0ADB0115}.Debug|Any CPU.Build.0 = Debug|Any CPU
		{D570AE24-4E9C-4E17-901F-9E6B0ADB0115}.Release|Any CPU.ActiveCfg = Release|Any CPU
		{D570AE24-4E9C-4E17-901F-9E6B0ADB0115}.Release|Any CPU.Build.0 = Release|Any CPU
		{59725337-2493-4513-B365-C6BB58901A00}.Debug|Any CPU.ActiveCfg = Debug|Any CPU
		{59725337-2493-4513-B365-C6BB58901A00}.Debug|Any CPU.Build.0 = Debug|Any CPU
		{59725337-2493-4513-B365-C6BB58901A00}.Release|Any CPU.ActiveCfg = Release|Any CPU
		{59725337-2493-4513-B365-C6BB58901A00}.Release|Any CPU.Build.0 = Release|Any CPU
		{E7E60DDD-6A0C-4AF2-8FEF-F211CC48FB94}.Debug|Any CPU.ActiveCfg = Debug|Any CPU
		{E7E60DDD-6A0C-4AF2-8FEF-F211CC48FB94}.Debug|Any CPU.Build.0 = Debug|Any CPU
		{E7E60DDD-6A0C-4AF2-8FEF-F211CC48FB94}.Release|Any CPU.ActiveCfg = Release|Any CPU
		{E7E60DDD-6A0C-4AF2-8FEF-F211CC48FB94}.Release|Any CPU.Build.0 = Release|Any CPU
		{2F253556-A1CD-41A8-8D1E-87ED55284AD3}.Debug|Any CPU.ActiveCfg = Debug|Any CPU
		{2F253556-A1CD-41A8-8D1E-87ED55284AD3}.Debug|Any CPU.Build.0 = Debug|Any CPU
		{2F253556-A1CD-41A8-8D1E-87ED55284AD3}.Release|Any CPU.ActiveCfg = Release|Any CPU
		{2F253556-A1CD-41A8-8D1E-87ED55284AD3}.Release|Any CPU.Build.0 = Release|Any CPU
		{C17166B4-D2D6-4D3C-A24B-6699DB36DFEE}.Debug|Any CPU.ActiveCfg = Debug|Any CPU
		{C17166B4-D2D6-4D3C-A24B-6699DB36DFEE}.Debug|Any CPU.Build.0 = Debug|Any CPU
		{C17166B4-D2D6-4D3C-A24B-6699DB36DFEE}.Release|Any CPU.ActiveCfg = Release|Any CPU
		{C17166B4-D2D6-4D3C-A24B-6699DB36DFEE}.Release|Any CPU.Build.0 = Release|Any CPU
		{A052E6E8-8F8D-4EC0-A2B8-D2EA404260C8}.Debug|Any CPU.ActiveCfg = Debug|Any CPU
		{A052E6E8-8F8D-4EC0-A2B8-D2EA404260C8}.Debug|Any CPU.Build.0 = Debug|Any CPU
		{A052E6E8-8F8D-4EC0-A2B8-D2EA404260C8}.Release|Any CPU.ActiveCfg = Release|Any CPU
		{A052E6E8-8F8D-4EC0-A2B8-D2EA404260C8}.Release|Any CPU.Build.0 = Release|Any CPU
		{1C07F60E-C937-4CDA-A24F-356FDC38A00A}.Debug|Any CPU.ActiveCfg = Debug|Any CPU
		{1C07F60E-C937-4CDA-A24F-356FDC38A00A}.Debug|Any CPU.Build.0 = Debug|Any CPU
		{1C07F60E-C937-4CDA-A24F-356FDC38A00A}.Release|Any CPU.ActiveCfg = Release|Any CPU
		{1C07F60E-C937-4CDA-A24F-356FDC38A00A}.Release|Any CPU.Build.0 = Release|Any CPU
	EndGlobalSection
	GlobalSection(SolutionProperties) = preSolution
		HideSolutionNode = FALSE
	EndGlobalSection
	GlobalSection(ExtensibilityGlobals) = postSolution
		SolutionGuid = {BEE2D5CC-D6CE-45E2-8652-5D798D18AF09}
	EndGlobalSection
EndGlobal
